PODS:
  - all_sensors (0.0.1):
    - Flutter
  - Flutter (1.0.0)
  - local_auth_ios (0.0.1):
    - Flutter
  - sensors_plus (0.0.1):
    - Flutter

DEPENDENCIES:
  - all_sensors (from `.symlinks/plugins/all_sensors/ios`)
  - Flutter (from `Flutter`)
  - local_auth_ios (from `.symlinks/plugins/local_auth_ios/ios`)
  - sensors_plus (from `.symlinks/plugins/sensors_plus/ios`)

EXTERNAL SOURCES:
  all_sensors:
    :path: ".symlinks/plugins/all_sensors/ios"
  Flutter:
    :path: Flutter
  local_auth_ios:
    :path: ".symlinks/plugins/local_auth_ios/ios"
  sensors_plus:
    :path: ".symlinks/plugins/sensors_plus/ios"

SPEC CHECKSUMS:
  all_sensors: 13f46502204bebbd1e06b65ff3d7cdaa03d88b26
  Flutter: 50d75fe2f02b26cc09d224853bb45737f8b3214a
  local_auth_ios: 0d333dde7780f669e66f19d2ff6005f3ea84008d
  sensors_plus: 5717760720f7e6acd96fdbd75b7428f5ad755ec2

PODFILE CHECKSUM: aafe91acc616949ddb318b77800a7f51bffa2a4c

COCOAPODS: 1.11.3
